// !$*UTF8*$!
{
	archiveVersion = 1;
	classes = {
	};
	objectVersion = 48;
	objects = {

/* Begin PBXBuildFile section */
		9F045EA21FFC70E800CC0F6C /* AppDelegate.swift in Sources */ = {isa = PBXBuildFile; fileRef = 9F045EA11FFC70E800CC0F6C /* AppDelegate.swift */; };
		9F045EA41FFC70E800CC0F6C /* ViewController.swift in Sources */ = {isa = PBXBuildFile; fileRef = 9F045EA31FFC70E800CC0F6C /* ViewController.swift */; };
		9F045EA71FFC70E800CC0F6C /* Main.storyboard in Resources */ = {isa = PBXBuildFile; fileRef = 9F045EA51FFC70E800CC0F6C /* Main.storyboard */; };
		9F045EA91FFC70E800CC0F6C /* Assets.xcassets in Resources */ = {isa = PBXBuildFile; fileRef = 9F045EA81FFC70E800CC0F6C /* Assets.xcassets */; };
		9F045EAC1FFC70E800CC0F6C /* LaunchScreen.storyboard in Resources */ = {isa = PBXBuildFile; fileRef = 9F045EAA1FFC70E800CC0F6C /* LaunchScreen.storyboard */; };
		9F045EB51FFC723700CC0F6C /* BKNavigationController.swift in Sources */ = {isa = PBXBuildFile; fileRef = 9F045EB41FFC723700CC0F6C /* BKNavigationController.swift */; };
		9F045EB91FFC728A00CC0F6C /* BKTabBarController.swift in Sources */ = {isa = PBXBuildFile; fileRef = 9F045EB81FFC728A00CC0F6C /* BKTabBarController.swift */; };
		9F045EBB1FFC785700CC0F6C /* DispatchQueue+Extension.swift in Sources */ = {isa = PBXBuildFile; fileRef = 9F045EBA1FFC785700CC0F6C /* DispatchQueue+Extension.swift */; };
		9F045EBF1FFC847C00CC0F6C /* MainStructureApi.swift in Sources */ = {isa = PBXBuildFile; fileRef = 9F045EBE1FFC847C00CC0F6C /* MainStructureApi.swift */; };
		9F045EC11FFCB47900CC0F6C /* BKTabBar.swift in Sources */ = {isa = PBXBuildFile; fileRef = 9F045EC01FFCB47900CC0F6C /* BKTabBar.swift */; };
		9F045EC31FFCBB7D00CC0F6C /* BKNavBar.swift in Sources */ = {isa = PBXBuildFile; fileRef = 9F045EC21FFCBB7D00CC0F6C /* BKNavBar.swift */; };
		9F045EC51FFCC23400CC0F6C /* TestOneController.swift in Sources */ = {isa = PBXBuildFile; fileRef = 9F045EC41FFCC23400CC0F6C /* TestOneController.swift */; };
		9F045EC71FFCC24000CC0F6C /* TestTwoController.swift in Sources */ = {isa = PBXBuildFile; fileRef = 9F045EC61FFCC24000CC0F6C /* TestTwoController.swift */; };
		9F045EC91FFCC24F00CC0F6C /* TestThreeController.swift in Sources */ = {isa = PBXBuildFile; fileRef = 9F045EC81FFCC24F00CC0F6C /* TestThreeController.swift */; };
		9F045ECB1FFCC25B00CC0F6C /* TestFourController.swift in Sources */ = {isa = PBXBuildFile; fileRef = 9F045ECA1FFCC25B00CC0F6C /* TestFourController.swift */; };
		9F045ED31FFDC5E800CC0F6C /* UIViewController+SolveBackButtonTitle.swift in Sources */ = {isa = PBXBuildFile; fileRef = 9F045ED21FFDC5E800CC0F6C /* UIViewController+SolveBackButtonTitle.swift */; };
		9F2DD020200BA2080092760B /* Extensions.swift in Sources */ = {isa = PBXBuildFile; fileRef = 9F2DD01F200BA2080092760B /* Extensions.swift */; };
/* End PBXBuildFile section */

/* Begin PBXFileReference section */
		9F045E9E1FFC70E800CC0F6C /* BKMainStructureModule.app */ = {isa = PBXFileReference; explicitFileType = wrapper.application; includeInIndex = 0; path = BKMainStructureModule.app; sourceTree = BUILT_PRODUCTS_DIR; };
		9F045EA11FFC70E800CC0F6C /* AppDelegate.swift */ = {isa = PBXFileReference; lastKnownFileType = sourcecode.swift; path = AppDelegate.swift; sourceTree = "<group>"; };
		9F045EA31FFC70E800CC0F6C /* ViewController.swift */ = {isa = PBXFileReference; lastKnownFileType = sourcecode.swift; path = ViewController.swift; sourceTree = "<group>"; };
		9F045EA61FFC70E800CC0F6C /* Base */ = {isa = PBXFileReference; lastKnownFileType = file.storyboard; name = Base; path = Base.lproj/Main.storyboard; sourceTree = "<group>"; };
		9F045EA81FFC70E800CC0F6C /* Assets.xcassets */ = {isa = PBXFileReference; lastKnownFileType = folder.assetcatalog; path = Assets.xcassets; sourceTree = "<group>"; };
		9F045EAB1FFC70E800CC0F6C /* Base */ = {isa = PBXFileReference; lastKnownFileType = file.storyboard; name = Base; path = Base.lproj/LaunchScreen.storyboard; sourceTree = "<group>"; };
		9F045EAD1FFC70E800CC0F6C /* Info.plist */ = {isa = PBXFileReference; lastKnownFileType = text.plist.xml; path = Info.plist; sourceTree = "<group>"; };
		9F045EB41FFC723700CC0F6C /* BKNavigationController.swift */ = {isa = PBXFileReference; lastKnownFileType = sourcecode.swift; path = BKNavigationController.swift; sourceTree = "<group>"; };
		9F045EB81FFC728A00CC0F6C /* BKTabBarController.swift */ = {isa = PBXFileReference; lastKnownFileType = sourcecode.swift; path = BKTabBarController.swift; sourceTree = "<group>"; };
		9F045EBA1FFC785700CC0F6C /* DispatchQueue+Extension.swift */ = {isa = PBXFileReference; lastKnownFileType = sourcecode.swift; path = "DispatchQueue+Extension.swift"; sourceTree = "<group>"; };
		9F045EBE1FFC847C00CC0F6C /* MainStructureApi.swift */ = {isa = PBXFileReference; lastKnownFileType = sourcecode.swift; path = MainStructureApi.swift; sourceTree = "<group>"; };
		9F045EC01FFCB47900CC0F6C /* BKTabBar.swift */ = {isa = PBXFileReference; lastKnownFileType = sourcecode.swift; path = BKTabBar.swift; sourceTree = "<group>"; };
		9F045EC21FFCBB7D00CC0F6C /* BKNavBar.swift */ = {isa = PBXFileReference; lastKnownFileType = sourcecode.swift; path = BKNavBar.swift; sourceTree = "<group>"; };
		9F045EC41FFCC23400CC0F6C /* TestOneController.swift */ = {isa = PBXFileReference; lastKnownFileType = sourcecode.swift; path = TestOneController.swift; sourceTree = "<group>"; };
		9F045EC61FFCC24000CC0F6C /* TestTwoController.swift */ = {isa = PBXFileReference; lastKnownFileType = sourcecode.swift; path = TestTwoController.swift; sourceTree = "<group>"; };
		9F045EC81FFCC24F00CC0F6C /* TestThreeController.swift */ = {isa = PBXFileReference; lastKnownFileType = sourcecode.swift; path = TestThreeController.swift; sourceTree = "<group>"; };
		9F045ECA1FFCC25B00CC0F6C /* TestFourController.swift */ = {isa = PBXFileReference; lastKnownFileType = sourcecode.swift; path = TestFourController.swift; sourceTree = "<group>"; };
		9F045ED21FFDC5E800CC0F6C /* UIViewController+SolveBackButtonTitle.swift */ = {isa = PBXFileReference; lastKnownFileType = sourcecode.swift; path = "UIViewController+SolveBackButtonTitle.swift"; sourceTree = "<group>"; };
		9F2DD01F200BA2080092760B /* Extensions.swift */ = {isa = PBXFileReference; lastKnownFileType = sourcecode.swift; path = Extensions.swift; sourceTree = "<group>"; };
/* End PBXFileReference section */

/* Begin PBXFrameworksBuildPhase section */
		9F045E9B1FFC70E800CC0F6C /* Frameworks */ = {
			isa = PBXFrameworksBuildPhase;
			buildActionMask = 2147483647;
			files = (
			);
			runOnlyForDeploymentPostprocessing = 0;
		};
/* End PBXFrameworksBuildPhase section */

/* Begin PBXGroup section */
		9F045E951FFC70E800CC0F6C = {
			isa = PBXGroup;
			children = (
				9F045EA01FFC70E800CC0F6C /* BKMainStructureModule */,
				9F045E9F1FFC70E800CC0F6C /* Products */,
			);
			sourceTree = "<group>";
		};
		9F045E9F1FFC70E800CC0F6C /* Products */ = {
			isa = PBXGroup;
			children = (
				9F045E9E1FFC70E800CC0F6C /* BKMainStructureModule.app */,
			);
			name = Products;
			sourceTree = "<group>";
		};
		9F045EA01FFC70E800CC0F6C /* BKMainStructureModule */ = {
			isa = PBXGroup;
			children = (
				9F045EB31FFC717100CC0F6C /* BKMainStructureModule */,
				9F045EA11FFC70E800CC0F6C /* AppDelegate.swift */,
				9F045EA31FFC70E800CC0F6C /* ViewController.swift */,
				9F045EA51FFC70E800CC0F6C /* Main.storyboard */,
				9F045EA81FFC70E800CC0F6C /* Assets.xcassets */,
				9F045EAA1FFC70E800CC0F6C /* LaunchScreen.storyboard */,
				9F045EAD1FFC70E800CC0F6C /* Info.plist */,
				9F045EC41FFCC23400CC0F6C /* TestOneController.swift */,
				9F045EC61FFCC24000CC0F6C /* TestTwoController.swift */,
				9F045EC81FFCC24F00CC0F6C /* TestThreeController.swift */,
				9F045ECA1FFCC25B00CC0F6C /* TestFourController.swift */,
			);
			path = BKMainStructureModule;
			sourceTree = "<group>";
		};
		9F045EB31FFC717100CC0F6C /* BKMainStructureModule */ = {
			isa = PBXGroup;
			children = (
				9F045EBE1FFC847C00CC0F6C /* MainStructureApi.swift */,
				9F045EB41FFC723700CC0F6C /* BKNavigationController.swift */,
				9F045EB81FFC728A00CC0F6C /* BKTabBarController.swift */,
				9F045EBA1FFC785700CC0F6C /* DispatchQueue+Extension.swift */,
				9F045EC01FFCB47900CC0F6C /* BKTabBar.swift */,
				9F045EC21FFCBB7D00CC0F6C /* BKNavBar.swift */,
				9F045ED21FFDC5E800CC0F6C /* UIViewController+SolveBackButtonTitle.swift */,
				9F2DD01F200BA2080092760B /* Extensions.swift */,
			);
			path = BKMainStructureModule;
			sourceTree = "<group>";
		};
/* End PBXGroup section */

/* Begin PBXNativeTarget section */
		9F045E9D1FFC70E800CC0F6C /* BKMainStructureModule */ = {
			isa = PBXNativeTarget;
			buildConfigurationList = 9F045EB01FFC70E800CC0F6C /* Build configuration list for PBXNativeTarget "BKMainStructureModule" */;
			buildPhases = (
				9F045E9A1FFC70E800CC0F6C /* Sources */,
				9F045E9B1FFC70E800CC0F6C /* Frameworks */,
				9F045E9C1FFC70E800CC0F6C /* Resources */,
			);
			buildRules = (
			);
			dependencies = (
			);
			name = BKMainStructureModule;
			productName = BKMainStructureModule;
			productReference = 9F045E9E1FFC70E800CC0F6C /* BKMainStructureModule.app */;
			productType = "com.apple.product-type.application";
		};
/* End PBXNativeTarget section */

/* Begin PBXProject section */
		9F045E961FFC70E800CC0F6C /* Project object */ = {
			isa = PBXProject;
			attributes = {
				LastSwiftUpdateCheck = 0910;
				LastUpgradeCheck = 0910;
				ORGANIZATIONNAME = "Tinghui Yuan";
				TargetAttributes = {
					9F045E9D1FFC70E800CC0F6C = {
						CreatedOnToolsVersion = 9.1;
						ProvisioningStyle = Automatic;
					};
				};
			};
			buildConfigurationList = 9F045E991FFC70E800CC0F6C /* Build configuration list for PBXProject "BKMainStructureModule" */;
			compatibilityVersion = "Xcode 8.0";
			developmentRegion = en;
			hasScannedForEncodings = 0;
			knownRegions = (
				en,
				Base,
			);
			mainGroup = 9F045E951FFC70E800CC0F6C;
			productRefGroup = 9F045E9F1FFC70E800CC0F6C /* Products */;
			projectDirPath = "";
			projectRoot = "";
			targets = (
				9F045E9D1FFC70E800CC0F6C /* BKMainStructureModule */,
			);
		};
/* End PBXProject section */

/* Begin PBXResourcesBuildPhase section */
		9F045E9C1FFC70E800CC0F6C /* Resources */ = {
			isa = PBXResourcesBuildPhase;
			buildActionMask = 2147483647;
			files = (
				9F045EAC1FFC70E800CC0F6C /* LaunchScreen.storyboard in Resources */,
				9F045EA91FFC70E800CC0F6C /* Assets.xcassets in Resources */,
				9F045EA71FFC70E800CC0F6C /* Main.storyboard in Resources */,
			);
			runOnlyForDeploymentPostprocessing = 0;
		};
/* End PBXResourcesBuildPhase section */

/* Begin PBXSourcesBuildPhase section */
		9F045E9A1FFC70E800CC0F6C /* Sources */ = {
			isa = PBXSourcesBuildPhase;
			buildActionMask = 2147483647;
			files = (
				9F045EB91FFC728A00CC0F6C /* BKTabBarController.swift in Sources */,
				9F045EBF1FFC847C00CC0F6C /* MainStructureApi.swift in Sources */,
				9F045EC31FFCBB7D00CC0F6C /* BKNavBar.swift in Sources */,
				9F045EC11FFCB47900CC0F6C /* BKTabBar.swift in Sources */,
				9F045EBB1FFC785700CC0F6C /* DispatchQueue+Extension.swift in Sources */,
				9F045EA41FFC70E800CC0F6C /* ViewController.swift in Sources */,
				9F045EC51FFCC23400CC0F6C /* TestOneController.swift in Sources */,
				9F045EC71FFCC24000CC0F6C /* TestTwoController.swift in Sources */,
				9F045EC91FFCC24F00CC0F6C /* TestThreeController.swift in Sources */,
				9F045EA21FFC70E800CC0F6C /* AppDelegate.swift in Sources */,
				9F045EB51FFC723700CC0F6C /* BKNavigationController.swift in Sources */,
				9F2DD020200BA2080092760B /* Extensions.swift in Sources */,
				9F045ECB1FFCC25B00CC0F6C /* TestFourController.swift in Sources */,
				9F045ED31FFDC5E800CC0F6C /* UIViewController+SolveBackButtonTitle.swift in Sources */,
			);
			runOnlyForDeploymentPostprocessing = 0;
		};
/* End PBXSourcesBuildPhase section */

/* Begin PBXVariantGroup section */
		9F045EA51FFC70E800CC0F6C /* Main.storyboard */ = {
			isa = PBXVariantGroup;
			children = (
				9F045EA61FFC70E800CC0F6C /* Base */,
			);
			name = Main.storyboard;
			sourceTree = "<group>";
		};
		9F045EAA1FFC70E800CC0F6C /* LaunchScreen.storyboard */ = {
			isa = PBXVariantGroup;
			children = (
				9F045EAB1FFC70E800CC0F6C /* Base */,
			);
			name = LaunchScreen.storyboard;
			sourceTree = "<group>";
		};
/* End PBXVariantGroup section */

/* Begin XCBuildConfiguration section */
		9F045EAE1FFC70E800CC0F6C /* Debug */ = {
			isa = XCBuildConfiguration;
			buildSettings = {
				ALWAYS_SEARCH_USER_PATHS = NO;
				CLANG_ANALYZER_NONNULL = YES;
				CLANG_ANALYZER_NUMBER_OBJECT_CONVERSION = YES_AGGRESSIVE;
				CLANG_CXX_LANGUAGE_STANDARD = "gnu++14";
				CLANG_CXX_LIBRARY = "libc++";
				CLANG_ENABLE_MODULES = YES;
				CLANG_ENABLE_OBJC_ARC = YES;
				CLANG_WARN_BLOCK_CAPTURE_AUTORELEASING = YES;
				CLANG_WARN_BOOL_CONVERSION = YES;
				CLANG_WARN_COMMA = YES;
				CLANG_WARN_CONSTANT_CONVERSION = YES;
				CLANG_WARN_DIRECT_OBJC_ISA_USAGE = YES_ERROR;
				CLANG_WARN_DOCUMENTATION_COMMENTS = YES;
				CLANG_WARN_EMPTY_BODY = YES;
				CLANG_WARN_ENUM_CONVERSION = YES;
				CLANG_WARN_INFINITE_RECURSION = YES;
				CLANG_WARN_INT_CONVERSION = YES;
				CLANG_WARN_NON_LITERAL_NULL_CONVERSION = YES;
				CLANG_WARN_OBJC_LITERAL_CONVERSION = YES;
				CLANG_WARN_OBJC_ROOT_CLASS = YES_ERROR;
				CLANG_WARN_RANGE_LOOP_ANALYSIS = YES;
				CLANG_WARN_STRICT_PROTOTYPES = YES;
				CLANG_WARN_SUSPICIOUS_MOVE = YES;
				CLANG_WARN_UNGUARDED_AVAILABILITY = YES_AGGRESSIVE;
				CLANG_WARN_UNREACHABLE_CODE = YES;
				CLANG_WARN__DUPLICATE_METHOD_MATCH = YES;
				CODE_SIGN_IDENTITY = "iPhone Developer";
				COPY_PHASE_STRIP = NO;
				DEBUG_INFORMATION_FORMAT = dwarf;
				ENABLE_STRICT_OBJC_MSGSEND = YES;
				ENABLE_TESTABILITY = YES;
				GCC_C_LANGUAGE_STANDARD = gnu11;
				GCC_DYNAMIC_NO_PIC = NO;
				GCC_NO_COMMON_BLOCKS = YES;
				GCC_OPTIMIZATION_LEVEL = 0;
				GCC_PREPROCESSOR_DEFINITIONS = (
					"DEBUG=1",
					"$(inherited)",
				);
				GCC_WARN_64_TO_32_BIT_CONVERSION = YES;
				GCC_WARN_ABOUT_RETURN_TYPE = YES_ERROR;
				GCC_WARN_UNDECLARED_SELECTOR = YES;
				GCC_WARN_UNINITIALIZED_AUTOS = YES_AGGRESSIVE;
				GCC_WARN_UNUSED_FUNCTION = YES;
				GCC_WARN_UNUSED_VARIABLE = YES;
				IPHONEOS_DEPLOYMENT_TARGET = 11.1;
				MTL_ENABLE_DEBUG_INFO = YES;
				ONLY_ACTIVE_ARCH = YES;
				SDKROOT = iphoneos;
				SWIFT_ACTIVE_COMPILATION_CONDITIONS = DEBUG;
				SWIFT_OPTIMIZATION_LEVEL = "-Onone";
			};
			name = Debug;
		};
		9F045EAF1FFC70E800CC0F6C /* Release */ = {
			isa = XCBuildConfiguration;
			buildSettings = {
				ALWAYS_SEARCH_USER_PATHS = NO;
				CLANG_ANALYZER_NONNULL = YES;
				CLANG_ANALYZER_NUMBER_OBJECT_CONVERSION = YES_AGGRESSIVE;
				CLANG_CXX_LANGUAGE_STANDARD = "gnu++14";
				CLANG_CXX_LIBRARY = "libc++";
				CLANG_ENABLE_MODULES = YES;
				CLANG_ENABLE_OBJC_ARC = YES;
				CLANG_WARN_BLOCK_CAPTURE_AUTORELEASING = YES;
				CLANG_WARN_BOOL_CONVERSION = YES;
				CLANG_WARN_COMMA = YES;
				CLANG_WARN_CONSTANT_CONVERSION = YES;
				CLANG_WARN_DIRECT_OBJC_ISA_USAGE = YES_ERROR;
				CLANG_WARN_DOCUMENTATION_COMMENTS = YES;
				CLANG_WARN_EMPTY_BODY = YES;
				CLANG_WARN_ENUM_CONVERSION = YES;
				CLANG_WARN_INFINITE_RECURSION = YES;
				CLANG_WARN_INT_CONVERSION = YES;
				CLANG_WARN_NON_LITERAL_NULL_CONVERSION = YES;
				CLANG_WARN_OBJC_LITERAL_CONVERSION = YES;
				CLANG_WARN_OBJC_ROOT_CLASS = YES_ERROR;
				CLANG_WARN_RANGE_LOOP_ANALYSIS = YES;
				CLANG_WARN_STRICT_PROTOTYPES = YES;
				CLANG_WARN_SUSPICIOUS_MOVE = YES;
				CLANG_WARN_UNGUARDED_AVAILABILITY = YES_AGGRESSIVE;
				CLANG_WARN_UNREACHABLE_CODE = YES;
				CLANG_WARN__DUPLICATE_METHOD_MATCH = YES;
				CODE_SIGN_IDENTITY = "iPhone Developer";
				COPY_PHASE_STRIP = NO;
				DEBUG_INFORMATION_FORMAT = "dwarf-with-dsym";
				ENABLE_NS_ASSERTIONS = NO;
				ENABLE_STRICT_OBJC_MSGSEND = YES;
				GCC_C_LANGUAGE_STANDARD = gnu11;
				GCC_NO_COMMON_BLOCKS = YES;
				GCC_WARN_64_TO_32_BIT_CONVERSION = YES;
				GCC_WARN_ABOUT_RETURN_TYPE = YES_ERROR;
				GCC_WARN_UNDECLARED_SELECTOR = YES;
				GCC_WARN_UNINITIALIZED_AUTOS = YES_AGGRESSIVE;
				GCC_WARN_UNUSED_FUNCTION = YES;
				GCC_WARN_UNUSED_VARIABLE = YES;
				IPHONEOS_DEPLOYMENT_TARGET = 11.1;
				MTL_ENABLE_DEBUG_INFO = NO;
				SDKROOT = iphoneos;
				SWIFT_OPTIMIZATION_LEVEL = "-Owholemodule";
				VALIDATE_PRODUCT = YES;
			};
			name = Release;
		};
		9F045EB11FFC70E800CC0F6C /* Debug */ = {
			isa = XCBuildConfiguration;
			buildSettings = {
				ASSETCATALOG_COMPILER_APPICON_NAME = AppIcon;
				CODE_SIGN_STYLE = Automatic;
				INFOPLIST_FILE = BKMainStructureModule/Info.plist;
				LD_RUNPATH_SEARCH_PATHS = "$(inherited) @executable_path/Frameworks";
				PRODUCT_BUNDLE_IDENTIFIER = com.bluajack.BKMainStructureModule;
				PRODUCT_NAME = "$(TARGET_NAME)";
				SWIFT_VERSION = 4.0;
				TARGETED_DEVICE_FAMILY = 1;
			};
			name = Debug;
		};
		9F045EB21FFC70E800CC0F6C /* Release */ = {
			isa = XCBuildConfiguration;
			buildSettings = {
				ASSETCATALOG_COMPILER_APPICON_NAME = AppIcon;
				CODE_SIGN_STYLE = Automatic;
				INFOPLIST_FILE = BKMainStructureModule/Info.plist;
				LD_RUNPATH_SEARCH_PATHS = "$(inherited) @executable_path/Frameworks";
				PRODUCT_BUNDLE_IDENTIFIER = com.bluajack.BKMainStructureModule;
				PRODUCT_NAME = "$(TARGET_NAME)";
				SWIFT_VERSION = 4.0;
				TARGETED_DEVICE_FAMILY = 1;
			};
			name = Release;
		};
/* End XCBuildConfiguration section */

/* Begin XCConfigurationList section */
		9F045E991FFC70E800CC0F6C /* Build configuration list for PBXProject "BKMainStructureModule" */ = {
			isa = XCConfigurationList;
			buildConfigurations = (
				9F045EAE1FFC70E800CC0F6C /* Debug */,
				9F045EAF1FFC70E800CC0F6C /* Release */,
			);
			defaultConfigurationIsVisible = 0;
			defaultConfigurationName = Release;
		};
		9F045EB01FFC70E800CC0F6C /* Build configuration list for PBXNativeTarget "BKMainStructureModule" */ = {
			isa = XCConfigurationList;
			buildConfigurations = (
				9F045EB11FFC70E800CC0F6C /* Debug */,
				9F045EB21FFC70E800CC0F6C /* Release */,
			);
			defaultConfigurationIsVisible = 0;
			defaultConfigurationName = Release;
		};
/* End XCConfigurationList section */
	};
	rootObject = 9F045E961FFC70E800CC0F6C /* Project object */;
}
